
Microsoft Visual Studio Solution File, Format Version 12.00
# Visual Studio Version 16
VisualStudioVersion = 16.0.31112.23
MinimumVisualStudioVersion = 10.0.40219.1
Project("{FAE04EC0-301F-11D3-BF4B-00C04F79EFBC}") = "Stored Procedure Demo", "Stored Procedure Demo\Stored Procedure Demo.csproj", "{5D0012A5-364B-49EA-A4B4-E18D6D010E6E}"
EndProject
Global
	GlobalSection(SolutionConfigurationPlatforms) = preSolution
		Debug|Any CPU = Debug|Any CPU
		Release|Any CPU = Release|Any CPU
	EndGlobalSection
	GlobalSection(ProjectConfigurationPlatforms) = postSolution
		{5D0012A5-364B-49EA-A4B4-E18D6D010E6E}.Debug|Any CPU.ActiveCfg = Debug|Any CPU
		{5D0012A5-364B-49EA-A4B4-E18D6D010E6E}.Debug|Any CPU.Build.0 = Debug|Any CPU
		{5D0012A5-364B-49EA-A4B4-E18D6D010E6E}.Release|Any CPU.ActiveCfg = Release|Any CPU
		{5D0012A5-364B-49EA-A4B4-E18D6D010E6E}.Release|Any CPU.Build.0 = Release|Any CPU
	EndGlobalSection
	GlobalSection(SolutionProperties) = preSolution
		HideSolutionNode = FALSE
	EndGlobalSection
	GlobalSection(ExtensibilityGlobals) = postSolution
		SolutionGuid = {6B75F64B-E11B-4874-820F-A514BB7CEB37}
	EndGlobalSection
EndGlobal
